PODS:
  - FSKit (1.0.6)
  - MJRefresh (3.1.12)

DEPENDENCIES:
  - FSKit (= 1.0.6)
  - MJRefresh (~> 3.1.12)

SPEC CHECKSUMS:
  FSKit: 15b2c6f4fe6330774fd1a5fe5b24b207a2d3882a
  MJRefresh: b96cdb21c4aa75a7b07654311ab2f315c497e806

PODFILE CHECKSUM: 089f459457a798a2ee099e7529c5cb6bab1e67c5

COCOAPODS: 1.2.1
